<Solution>
  <Project Path="SpazaLink.Services.Traders/SpazaLink.Services.Traders.csproj" />
  <Project Path="SpazaLink.Shared/SpazaLink.Shared.csproj" />
  <Project Path="SpazaLink.Services.Inventory/SpazaLink.Services.Inventory.csproj" />
  <Project Path="SpazaLink.Services.Traders.Tests/SpazaLink.Services.Traders.Tests.csproj" />
  <Project Path="SpazaLink.Services.Inventory.Tests/SpazaLink.Services.Inventory.Tests.csproj" />
</Solution>
